{
  "name": "loom-common",
  "version": "1.0.3",
  "lockfileVersion": 2,
  "requires": true,
  "packages": {
    "": {
      "version": "1.0.3",
      "dependencies": {
        "typesafe-actions": "^5.1.0"
      },
      "engines": {
        "vscode": "^1.44.0"
      }
    },
    "node_modules/typesafe-actions": {
      "version": "5.1.0",
      "resolved": "https://registry.npmjs.org/typesafe-actions/-/typesafe-actions-5.1.0.tgz",
      "integrity": "sha512-bna6Yi1pRznoo6Bz1cE6btB/Yy8Xywytyfrzu/wc+NFW3ZF0I+2iCGImhBsoYYCOWuICtRO4yHcnDlzgo1AdNg==",
      "engines": {
        "node": ">= 4"
      }
    }
  },
  "dependencies": {
    "typesafe-actions": {
      "version": "5.1.0",
      "resolved": "https://registry.npmjs.org/typesafe-actions/-/typesafe-actions-5.1.0.tgz",
      "integrity": "sha512-bna6Yi1pRznoo6Bz1cE6btB/Yy8Xywytyfrzu/wc+NFW3ZF0I+2iCGImhBsoYYCOWuICtRO4yHcnDlzgo1AdNg=="
    }
  }
}
